// !$*UTF8*$!
{
	archiveVersion = 1;
	classes = {
	};
	objectVersion = 56;
	objects = {

/* Begin PBXBuildFile section */
		D0AC367C2911FDEF007C59DD /* AppDelegate.swift in Sources */ = {isa = PBXBuildFile; fileRef = D0AC367B2911FDEF007C59DD /* AppDelegate.swift */; };
		D0AC367E2911FDEF007C59DD /* SceneDelegate.swift in Sources */ = {isa = PBXBuildFile; fileRef = D0AC367D2911FDEF007C59DD /* SceneDelegate.swift */; };
		D0AC36802911FDEF007C59DD /* ViewController.swift in Sources */ = {isa = PBXBuildFile; fileRef = D0AC367F2911FDEF007C59DD /* ViewController.swift */; };
		D0AC36832911FDEF007C59DD /* Main.storyboard in Resources */ = {isa = PBXBuildFile; fileRef = D0AC36812911FDEF007C59DD /* Main.storyboard */; };
		D0AC36852911FDF0007C59DD /* Assets.xcassets in Resources */ = {isa = PBXBuildFile; fileRef = D0AC36842911FDF0007C59DD /* Assets.xcassets */; };
		D0AC36882911FDF0007C59DD /* LaunchScreen.storyboard in Resources */ = {isa = PBXBuildFile; fileRef = D0AC36862911FDF0007C59DD /* LaunchScreen.storyboard */; };
		D0AC369129120A0D007C59DD /* Alamofire in Frameworks */ = {isa = PBXBuildFile; productRef = D0AC369029120A0D007C59DD /* Alamofire */; };
		D0AC369529120EFD007C59DD /* APIService.swift in Sources */ = {isa = PBXBuildFile; fileRef = D0AC369429120EFD007C59DD /* APIService.swift */; };
		D0AC369729121BEC007C59DD /* EndPoint.swift in Sources */ = {isa = PBXBuildFile; fileRef = D0AC369629121BEC007C59DD /* EndPoint.swift */; };
/* End PBXBuildFile section */

/* Begin PBXFileReference section */
		D0AC36782911FDEF007C59DD /* SeSacWeek18.app */ = {isa = PBXFileReference; explicitFileType = wrapper.application; includeInIndex = 0; path = SeSacWeek18.app; sourceTree = BUILT_PRODUCTS_DIR; };
		D0AC367B2911FDEF007C59DD /* AppDelegate.swift */ = {isa = PBXFileReference; lastKnownFileType = sourcecode.swift; path = AppDelegate.swift; sourceTree = "<group>"; };
		D0AC367D2911FDEF007C59DD /* SceneDelegate.swift */ = {isa = PBXFileReference; lastKnownFileType = sourcecode.swift; path = SceneDelegate.swift; sourceTree = "<group>"; };
		D0AC367F2911FDEF007C59DD /* ViewController.swift */ = {isa = PBXFileReference; lastKnownFileType = sourcecode.swift; path = ViewController.swift; sourceTree = "<group>"; };
		D0AC36822911FDEF007C59DD /* Base */ = {isa = PBXFileReference; lastKnownFileType = file.storyboard; name = Base; path = Base.lproj/Main.storyboard; sourceTree = "<group>"; };
		D0AC36842911FDF0007C59DD /* Assets.xcassets */ = {isa = PBXFileReference; lastKnownFileType = folder.assetcatalog; path = Assets.xcassets; sourceTree = "<group>"; };
		D0AC36872911FDF0007C59DD /* Base */ = {isa = PBXFileReference; lastKnownFileType = file.storyboard; name = Base; path = Base.lproj/LaunchScreen.storyboard; sourceTree = "<group>"; };
		D0AC36892911FDF0007C59DD /* Info.plist */ = {isa = PBXFileReference; lastKnownFileType = text.plist.xml; path = Info.plist; sourceTree = "<group>"; };
		D0AC369429120EFD007C59DD /* APIService.swift */ = {isa = PBXFileReference; lastKnownFileType = sourcecode.swift; path = APIService.swift; sourceTree = "<group>"; };
		D0AC369629121BEC007C59DD /* EndPoint.swift */ = {isa = PBXFileReference; lastKnownFileType = sourcecode.swift; path = EndPoint.swift; sourceTree = "<group>"; };
/* End PBXFileReference section */

/* Begin PBXFrameworksBuildPhase section */
		D0AC36752911FDEF007C59DD /* Frameworks */ = {
			isa = PBXFrameworksBuildPhase;
			buildActionMask = 2147483647;
			files = (
				D0AC369129120A0D007C59DD /* Alamofire in Frameworks */,
			);
			runOnlyForDeploymentPostprocessing = 0;
		};
/* End PBXFrameworksBuildPhase section */

/* Begin PBXGroup section */
		D07840A729125D3000C5C0C5 /* Utility */ = {
			isa = PBXGroup;
			children = (
				D07840A829125D3D00C5C0C5 /* Base */,
			);
			path = Utility;
			sourceTree = "<group>";
		};
		D07840A829125D3D00C5C0C5 /* Base */ = {
			isa = PBXGroup;
			children = (
			);
			path = Base;
			sourceTree = "<group>";
		};
		D0AC366F2911FDEF007C59DD = {
			isa = PBXGroup;
			children = (
				D0AC367A2911FDEF007C59DD /* SeSacWeek18 */,
				D0AC36792911FDEF007C59DD /* Products */,
			);
			sourceTree = "<group>";
		};
		D0AC36792911FDEF007C59DD /* Products */ = {
			isa = PBXGroup;
			children = (
				D0AC36782911FDEF007C59DD /* SeSacWeek18.app */,
			);
			name = Products;
			sourceTree = "<group>";
		};
		D0AC367A2911FDEF007C59DD /* SeSacWeek18 */ = {
			isa = PBXGroup;
			children = (
				D07840A729125D3000C5C0C5 /* Utility */,
				D0AC369329120EF4007C59DD /* Network */,
				D0AC369229120A14007C59DD /* App */,
				D0AC367F2911FDEF007C59DD /* ViewController.swift */,
				D0AC36812911FDEF007C59DD /* Main.storyboard */,
				D0AC36842911FDF0007C59DD /* Assets.xcassets */,
				D0AC36862911FDF0007C59DD /* LaunchScreen.storyboard */,
				D0AC36892911FDF0007C59DD /* Info.plist */,
			);
			path = SeSacWeek18;
			sourceTree = "<group>";
		};
		D0AC369229120A14007C59DD /* App */ = {
			isa = PBXGroup;
			children = (
				D0AC367B2911FDEF007C59DD /* AppDelegate.swift */,
				D0AC367D2911FDEF007C59DD /* SceneDelegate.swift */,
			);
			path = App;
			sourceTree = "<group>";
		};
		D0AC369329120EF4007C59DD /* Network */ = {
			isa = PBXGroup;
			children = (
				D0AC369429120EFD007C59DD /* APIService.swift */,
				D0AC369629121BEC007C59DD /* EndPoint.swift */,
			);
			path = Network;
			sourceTree = "<group>";
		};
/* End PBXGroup section */

/* Begin PBXNativeTarget section */
		D0AC36772911FDEF007C59DD /* SeSacWeek18 */ = {
			isa = PBXNativeTarget;
			buildConfigurationList = D0AC368C2911FDF0007C59DD /* Build configuration list for PBXNativeTarget "SeSacWeek18" */;
			buildPhases = (
				D0AC36742911FDEF007C59DD /* Sources */,
				D0AC36752911FDEF007C59DD /* Frameworks */,
				D0AC36762911FDEF007C59DD /* Resources */,
			);
			buildRules = (
			);
			dependencies = (
			);
			name = SeSacWeek18;
			packageProductDependencies = (
				D0AC369029120A0D007C59DD /* Alamofire */,
			);
			productName = SeSacWeek18;
			productReference = D0AC36782911FDEF007C59DD /* SeSacWeek18.app */;
			productType = "com.apple.product-type.application";
		};
/* End PBXNativeTarget section */

/* Begin PBXProject section */
		D0AC36702911FDEF007C59DD /* Project object */ = {
			isa = PBXProject;
			attributes = {
				BuildIndependentTargetsInParallel = 1;
				LastSwiftUpdateCheck = 1400;
				LastUpgradeCheck = 1400;
				TargetAttributes = {
					D0AC36772911FDEF007C59DD = {
						CreatedOnToolsVersion = 14.0.1;
					};
				};
			};
			buildConfigurationList = D0AC36732911FDEF007C59DD /* Build configuration list for PBXProject "SeSacWeek18" */;
			compatibilityVersion = "Xcode 14.0";
			developmentRegion = en;
			hasScannedForEncodings = 0;
			knownRegions = (
				en,
				Base,
			);
			mainGroup = D0AC366F2911FDEF007C59DD;
			packageReferences = (
				D0AC368F29120A0D007C59DD /* XCRemoteSwiftPackageReference "Alamofire" */,
			);
			productRefGroup = D0AC36792911FDEF007C59DD /* Products */;
			projectDirPath = "";
			projectRoot = "";
			targets = (
				D0AC36772911FDEF007C59DD /* SeSacWeek18 */,
			);
		};
/* End PBXProject section */

/* Begin PBXResourcesBuildPhase section */
		D0AC36762911FDEF007C59DD /* Resources */ = {
			isa = PBXResourcesBuildPhase;
			buildActionMask = 2147483647;
			files = (
				D0AC36882911FDF0007C59DD /* LaunchScreen.storyboard in Resources */,
				D0AC36852911FDF0007C59DD /* Assets.xcassets in Resources */,
				D0AC36832911FDEF007C59DD /* Main.storyboard in Resources */,
			);
			runOnlyForDeploymentPostprocessing = 0;
		};
/* End PBXResourcesBuildPhase section */

/* Begin PBXSourcesBuildPhase section */
		D0AC36742911FDEF007C59DD /* Sources */ = {
			isa = PBXSourcesBuildPhase;
			buildActionMask = 2147483647;
			files = (
				D0AC36802911FDEF007C59DD /* ViewController.swift in Sources */,
				D0AC367C2911FDEF007C59DD /* AppDelegate.swift in Sources */,
				D0AC369729121BEC007C59DD /* EndPoint.swift in Sources */,
				D0AC369529120EFD007C59DD /* APIService.swift in Sources */,
				D0AC367E2911FDEF007C59DD /* SceneDelegate.swift in Sources */,
			);
			runOnlyForDeploymentPostprocessing = 0;
		};
/* End PBXSourcesBuildPhase section */

/* Begin PBXVariantGroup section */
		D0AC36812911FDEF007C59DD /* Main.storyboard */ = {
			isa = PBXVariantGroup;
			children = (
				D0AC36822911FDEF007C59DD /* Base */,
			);
			name = Main.storyboard;
			sourceTree = "<group>";
		};
		D0AC36862911FDF0007C59DD /* LaunchScreen.storyboard */ = {
			isa = PBXVariantGroup;
			children = (
				D0AC36872911FDF0007C59DD /* Base */,
			);
			name = LaunchScreen.storyboard;
			sourceTree = "<group>";
		};
/* End PBXVariantGroup section */

/* Begin XCBuildConfiguration section */
		D0AC368A2911FDF0007C59DD /* Debug */ = {
			isa = XCBuildConfiguration;
			buildSettings = {
				ALWAYS_SEARCH_USER_PATHS = NO;
				CLANG_ANALYZER_NONNULL = YES;
				CLANG_ANALYZER_NUMBER_OBJECT_CONVERSION = YES_AGGRESSIVE;
				CLANG_CXX_LANGUAGE_STANDARD = "gnu++20";
				CLANG_ENABLE_MODULES = YES;
				CLANG_ENABLE_OBJC_ARC = YES;
				CLANG_ENABLE_OBJC_WEAK = YES;
				CLANG_WARN_BLOCK_CAPTURE_AUTORELEASING = YES;
				CLANG_WARN_BOOL_CONVERSION = YES;
				CLANG_WARN_COMMA = YES;
				CLANG_WARN_CONSTANT_CONVERSION = YES;
				CLANG_WARN_DEPRECATED_OBJC_IMPLEMENTATIONS = YES;
				CLANG_WARN_DIRECT_OBJC_ISA_USAGE = YES_ERROR;
				CLANG_WARN_DOCUMENTATION_COMMENTS = YES;
				CLANG_WARN_EMPTY_BODY = YES;
				CLANG_WARN_ENUM_CONVERSION = YES;
				CLANG_WARN_INFINITE_RECURSION = YES;
				CLANG_WARN_INT_CONVERSION = YES;
				CLANG_WARN_NON_LITERAL_NULL_CONVERSION = YES;
				CLANG_WARN_OBJC_IMPLICIT_RETAIN_SELF = YES;
				CLANG_WARN_OBJC_LITERAL_CONVERSION = YES;
				CLANG_WARN_OBJC_ROOT_CLASS = YES_ERROR;
				CLANG_WARN_QUOTED_INCLUDE_IN_FRAMEWORK_HEADER = YES;
				CLANG_WARN_RANGE_LOOP_ANALYSIS = YES;
				CLANG_WARN_STRICT_PROTOTYPES = YES;
				CLANG_WARN_SUSPICIOUS_MOVE = YES;
				CLANG_WARN_UNGUARDED_AVAILABILITY = YES_AGGRESSIVE;
				CLANG_WARN_UNREACHABLE_CODE = YES;
				CLANG_WARN__DUPLICATE_METHOD_MATCH = YES;
				COPY_PHASE_STRIP = NO;
				DEBUG_INFORMATION_FORMAT = dwarf;
				ENABLE_STRICT_OBJC_MSGSEND = YES;
				ENABLE_TESTABILITY = YES;
				GCC_C_LANGUAGE_STANDARD = gnu11;
				GCC_DYNAMIC_NO_PIC = NO;
				GCC_NO_COMMON_BLOCKS = YES;
				GCC_OPTIMIZATION_LEVEL = 0;
				GCC_PREPROCESSOR_DEFINITIONS = (
					"DEBUG=1",
					"$(inherited)",
				);
				GCC_WARN_64_TO_32_BIT_CONVERSION = YES;
				GCC_WARN_ABOUT_RETURN_TYPE = YES_ERROR;
				GCC_WARN_UNDECLARED_SELECTOR = YES;
				GCC_WARN_UNINITIALIZED_AUTOS = YES_AGGRESSIVE;
				GCC_WARN_UNUSED_FUNCTION = YES;
				GCC_WARN_UNUSED_VARIABLE = YES;
				IPHONEOS_DEPLOYMENT_TARGET = 16.0;
				MTL_ENABLE_DEBUG_INFO = INCLUDE_SOURCE;
				MTL_FAST_MATH = YES;
				ONLY_ACTIVE_ARCH = YES;
				SDKROOT = iphoneos;
				SWIFT_ACTIVE_COMPILATION_CONDITIONS = DEBUG;
				SWIFT_OPTIMIZATION_LEVEL = "-Onone";
			};
			name = Debug;
		};
		D0AC368B2911FDF0007C59DD /* Release */ = {
			isa = XCBuildConfiguration;
			buildSettings = {
				ALWAYS_SEARCH_USER_PATHS = NO;
				CLANG_ANALYZER_NONNULL = YES;
				CLANG_ANALYZER_NUMBER_OBJECT_CONVERSION = YES_AGGRESSIVE;
				CLANG_CXX_LANGUAGE_STANDARD = "gnu++20";
				CLANG_ENABLE_MODULES = YES;
				CLANG_ENABLE_OBJC_ARC = YES;
				CLANG_ENABLE_OBJC_WEAK = YES;
				CLANG_WARN_BLOCK_CAPTURE_AUTORELEASING = YES;
				CLANG_WARN_BOOL_CONVERSION = YES;
				CLANG_WARN_COMMA = YES;
				CLANG_WARN_CONSTANT_CONVERSION = YES;
				CLANG_WARN_DEPRECATED_OBJC_IMPLEMENTATIONS = YES;
				CLANG_WARN_DIRECT_OBJC_ISA_USAGE = YES_ERROR;
				CLANG_WARN_DOCUMENTATION_COMMENTS = YES;
				CLANG_WARN_EMPTY_BODY = YES;
				CLANG_WARN_ENUM_CONVERSION = YES;
				CLANG_WARN_INFINITE_RECURSION = YES;
				CLANG_WARN_INT_CONVERSION = YES;
				CLANG_WARN_NON_LITERAL_NULL_CONVERSION = YES;
				CLANG_WARN_OBJC_IMPLICIT_RETAIN_SELF = YES;
				CLANG_WARN_OBJC_LITERAL_CONVERSION = YES;
				CLANG_WARN_OBJC_ROOT_CLASS = YES_ERROR;
				CLANG_WARN_QUOTED_INCLUDE_IN_FRAMEWORK_HEADER = YES;
				CLANG_WARN_RANGE_LOOP_ANALYSIS = YES;
				CLANG_WARN_STRICT_PROTOTYPES = YES;
				CLANG_WARN_SUSPICIOUS_MOVE = YES;
				CLANG_WARN_UNGUARDED_AVAILABILITY = YES_AGGRESSIVE;
				CLANG_WARN_UNREACHABLE_CODE = YES;
				CLANG_WARN__DUPLICATE_METHOD_MATCH = YES;
				COPY_PHASE_STRIP = NO;
				DEBUG_INFORMATION_FORMAT = "dwarf-with-dsym";
				ENABLE_NS_ASSERTIONS = NO;
				ENABLE_STRICT_OBJC_MSGSEND = YES;
				GCC_C_LANGUAGE_STANDARD = gnu11;
				GCC_NO_COMMON_BLOCKS = YES;
				GCC_WARN_64_TO_32_BIT_CONVERSION = YES;
				GCC_WARN_ABOUT_RETURN_TYPE = YES_ERROR;
				GCC_WARN_UNDECLARED_SELECTOR = YES;
				GCC_WARN_UNINITIALIZED_AUTOS = YES_AGGRESSIVE;
				GCC_WARN_UNUSED_FUNCTION = YES;
				GCC_WARN_UNUSED_VARIABLE = YES;
				IPHONEOS_DEPLOYMENT_TARGET = 16.0;
				MTL_ENABLE_DEBUG_INFO = NO;
				MTL_FAST_MATH = YES;
				SDKROOT = iphoneos;
				SWIFT_COMPILATION_MODE = wholemodule;
				SWIFT_OPTIMIZATION_LEVEL = "-O";
				VALIDATE_PRODUCT = YES;
			};
			name = Release;
		};
		D0AC368D2911FDF0007C59DD /* Debug */ = {
			isa = XCBuildConfiguration;
			buildSettings = {
				ASSETCATALOG_COMPILER_APPICON_NAME = AppIcon;
				ASSETCATALOG_COMPILER_GLOBAL_ACCENT_COLOR_NAME = AccentColor;
				CODE_SIGN_STYLE = Automatic;
				CURRENT_PROJECT_VERSION = 1;
				DEVELOPMENT_TEAM = PW2RLJT734;
				GENERATE_INFOPLIST_FILE = YES;
				INFOPLIST_FILE = SeSacWeek18/Info.plist;
				INFOPLIST_KEY_UIApplicationSupportsIndirectInputEvents = YES;
				INFOPLIST_KEY_UILaunchStoryboardName = LaunchScreen;
				INFOPLIST_KEY_UIMainStoryboardFile = Main;
				INFOPLIST_KEY_UISupportedInterfaceOrientations = UIInterfaceOrientationPortrait;
				INFOPLIST_KEY_UISupportedInterfaceOrientations_iPad = "UIInterfaceOrientationLandscapeLeft UIInterfaceOrientationLandscapeRight UIInterfaceOrientationPortrait UIInterfaceOrientationPortraitUpsideDown";
				IPHONEOS_DEPLOYMENT_TARGET = 15.0;
				LD_RUNPATH_SEARCH_PATHS = (
					"$(inherited)",
					"@executable_path/Frameworks",
				);
				MARKETING_VERSION = 1.0;
				PRODUCT_BUNDLE_IDENTIFIER = com.DongHee.SeSacWeek18;
				PRODUCT_NAME = "$(TARGET_NAME)";
				SUPPORTED_PLATFORMS = "iphoneos iphonesimulator";
				SUPPORTS_MACCATALYST = NO;
				SUPPORTS_MAC_DESIGNED_FOR_IPHONE_IPAD = NO;
				SWIFT_EMIT_LOC_STRINGS = YES;
				SWIFT_VERSION = 5.0;
				TARGETED_DEVICE_FAMILY = 1;
			};
			name = Debug;
		};
		D0AC368E2911FDF0007C59DD /* Release */ = {
			isa = XCBuildConfiguration;
			buildSettings = {
				ASSETCATALOG_COMPILER_APPICON_NAME = AppIcon;
				ASSETCATALOG_COMPILER_GLOBAL_ACCENT_COLOR_NAME = AccentColor;
				CODE_SIGN_STYLE = Automatic;
				CURRENT_PROJECT_VERSION = 1;
				DEVELOPMENT_TEAM = PW2RLJT734;
				GENERATE_INFOPLIST_FILE = YES;
				INFOPLIST_FILE = SeSacWeek18/Info.plist;
				INFOPLIST_KEY_UIApplicationSupportsIndirectInputEvents = YES;
				INFOPLIST_KEY_UILaunchStoryboardName = LaunchScreen;
				INFOPLIST_KEY_UIMainStoryboardFile = Main;
				INFOPLIST_KEY_UISupportedInterfaceOrientations = UIInterfaceOrientationPortrait;
				INFOPLIST_KEY_UISupportedInterfaceOrientations_iPad = "UIInterfaceOrientationLandscapeLeft UIInterfaceOrientationLandscapeRight UIInterfaceOrientationPortrait UIInterfaceOrientationPortraitUpsideDown";
				IPHONEOS_DEPLOYMENT_TARGET = 15.0;
				LD_RUNPATH_SEARCH_PATHS = (
					"$(inherited)",
					"@executable_path/Frameworks",
				);
				MARKETING_VERSION = 1.0;
				PRODUCT_BUNDLE_IDENTIFIER = com.DongHee.SeSacWeek18;
				PRODUCT_NAME = "$(TARGET_NAME)";
				SUPPORTED_PLATFORMS = "iphoneos iphonesimulator";
				SUPPORTS_MACCATALYST = NO;
				SUPPORTS_MAC_DESIGNED_FOR_IPHONE_IPAD = NO;
				SWIFT_EMIT_LOC_STRINGS = YES;
				SWIFT_VERSION = 5.0;
				TARGETED_DEVICE_FAMILY = 1;
			};
			name = Release;
		};
/* End XCBuildConfiguration section */

/* Begin XCConfigurationList section */
		D0AC36732911FDEF007C59DD /* Build configuration list for PBXProject "SeSacWeek18" */ = {
			isa = XCConfigurationList;
			buildConfigurations = (
				D0AC368A2911FDF0007C59DD /* Debug */,
				D0AC368B2911FDF0007C59DD /* Release */,
			);
			defaultConfigurationIsVisible = 0;
			defaultConfigurationName = Release;
		};
		D0AC368C2911FDF0007C59DD /* Build configuration list for PBXNativeTarget "SeSacWeek18" */ = {
			isa = XCConfigurationList;
			buildConfigurations = (
				D0AC368D2911FDF0007C59DD /* Debug */,
				D0AC368E2911FDF0007C59DD /* Release */,
			);
			defaultConfigurationIsVisible = 0;
			defaultConfigurationName = Release;
		};
/* End XCConfigurationList section */

/* Begin XCRemoteSwiftPackageReference section */
		D0AC368F29120A0D007C59DD /* XCRemoteSwiftPackageReference "Alamofire" */ = {
			isa = XCRemoteSwiftPackageReference;
			repositoryURL = "http://github.com/Alamofire/Alamofire";
			requirement = {
				kind = upToNextMajorVersion;
				minimumVersion = 5.0.0;
			};
		};
/* End XCRemoteSwiftPackageReference section */

/* Begin XCSwiftPackageProductDependency section */
		D0AC369029120A0D007C59DD /* Alamofire */ = {
			isa = XCSwiftPackageProductDependency;
			package = D0AC368F29120A0D007C59DD /* XCRemoteSwiftPackageReference "Alamofire" */;
			productName = Alamofire;
		};
/* End XCSwiftPackageProductDependency section */
	};
	rootObject = D0AC36702911FDEF007C59DD /* Project object */;
}
